
Microsoft Visual Studio Solution File, Format Version 12.00
# Visual Studio Version 17
VisualStudioVersion = 17.12.35707.178 d17.12
MinimumVisualStudioVersion = 10.0.40219.1
Project("{FAE04EC0-301F-11D3-BF4B-00C04F79EFBC}") = "STEditor", "STEditor\STEditor.csproj", "{CAC94CEB-E210-4908-B03A-C6A360B4C9EE}"
EndProject
Project("{8BC9CEB8-8B4A-11D0-8D11-00A0C91BC942}") = "Engine", "Engine\Engine.vcxproj", "{7BFFE2A8-C1CE-4D6D-BC79-017829F117A0}"
EndProject

Global
	GlobalSection(SolutionConfigurationPlatforms) = preSolution
		Debug|x64 = Debug|x64
		Release|x64 = Release|x64
	EndGlobalSection
	GlobalSection(ProjectConfigurationPlatforms) = postSolution
		{7BFFE2A8-C1CE-4D6D-BC79-017829F117A0}.Debug|x64.ActiveCfg = Debug|x64
		{7BFFE2A8-C1CE-4D6D-BC79-017829F117A0}.Debug|x64.Build.0 = Debug|x64
		{7BFFE2A8-C1CE-4D6D-BC79-017829F117A0}.Release|x64.ActiveCfg = Release|x64
		{7BFFE2A8-C1CE-4D6D-BC79-017829F117A0}.Release|x64.Build.0 = Release|x64
		{CAC94CEB-E210-4908-B03A-C6A360B4C9EE}.Debug|x64.ActiveCfg = Debug|Any CPU
		{CAC94CEB-E210-4908-B03A-C6A360B4C9EE}.Debug|x64.Build.0 = Debug|Any CPU
		{CAC94CEB-E210-4908-B03A-C6A360B4C9EE}.Release|x64.ActiveCfg = Release|Any CPU
		{CAC94CEB-E210-4908-B03A-C6A360B4C9EE}.Release|x64.Build.0 = Release|Any CPU
	EndGlobalSection
	GlobalSection(SolutionProperties) = preSolution
		HideSolutionNode = FALSE
	EndGlobalSection
EndGlobal
